{
  "name": "urlshortenerservice",
  "version": "1.0.0",
  "lockfileVersion": 3,
  "requires": true,
  "packages": {
    "": {
      "name": "urlshortenerservice",
      "version": "1.0.0",
      "license": "ISC",
      "dependencies": {
        "base-58": "^0.0.1",
        "base58": "^2.0.1",
        "crypto-js": "^4.2.0"
      }
    },
    "node_modules/base-58": {
      "version": "0.0.1",
      "resolved": "https://registry.npmjs.org/base-58/-/base-58-0.0.1.tgz",
      "integrity": "sha512-denlKTnozZTVWuh1QkbXf10kkFNc+0/eno29RR+6g5al0yGI+iAOFt/cIA2tvnKoADlUFLZHs50ZdWF+c9WBnw=="
    },
    "node_modules/base58": {
      "version": "2.0.1",
      "resolved": "https://registry.npmjs.org/base58/-/base58-2.0.1.tgz",
      "integrity": "sha512-qK6gt2fMSxN2xGOi+btI5oAnXL+vEq0AsHWHhf5jfm2hE6MwmW+2414qF96utV3Xfg3En8hEA9Q4lif4lbXcgw==",
      "license": "MIT",
      "engines": {
        "node": ">= 6"
      }
    },
    "node_modules/crypto-js": {
      "version": "4.2.0",
      "resolved": "https://registry.npmjs.org/crypto-js/-/crypto-js-4.2.0.tgz",
      "integrity": "sha512-KALDyEYgpY+Rlob/iriUtjV6d5Eq+Y191A5g4UqLAi8CyGP9N1+FdVbkc1SxKc2r4YAYqG8JzO2KGL+AizD70Q==",
      "license": "MIT"
    }
  }
}
